
Microsoft Visual Studio Solution File, Format Version 12.00
Project("{FAE04EC0-301F-11D3-BF4B-00C04F79EFBC}") = "ASP", "ASP.csproj", "{4F47B7C2-693C-4C45-8629-2E71201F20DF}"
EndProject
Global
	GlobalSection(SolutionConfigurationPlatforms) = preSolution
		Debug|Any CPU = Debug|Any CPU
		Release|Any CPU = Release|Any CPU
	EndGlobalSection
	GlobalSection(ProjectConfigurationPlatforms) = postSolution
		{4F47B7C2-693C-4C45-8629-2E71201F20DF}.Debug|Any CPU.ActiveCfg = Debug|Any CPU
		{4F47B7C2-693C-4C45-8629-2E71201F20DF}.Debug|Any CPU.Build.0 = Debug|Any CPU
		{4F47B7C2-693C-4C45-8629-2E71201F20DF}.Release|Any CPU.ActiveCfg = Release|Any CPU
		{4F47B7C2-693C-4C45-8629-2E71201F20DF}.Release|Any CPU.Build.0 = Release|Any CPU
	EndGlobalSection
EndGlobal
