
Microsoft Visual Studio Solution File, Format Version 12.00
Project("{FAE04EC0-301F-11D3-BF4B-00C04F79EFBC}") = "course", "course.csproj", "{28487A6E-28C0-42E5-B965-F3AAF2EAAC1A}"
EndProject
Global
	GlobalSection(SolutionConfigurationPlatforms) = preSolution
		Debug|Any CPU = Debug|Any CPU
		Release|Any CPU = Release|Any CPU
	EndGlobalSection
	GlobalSection(ProjectConfigurationPlatforms) = postSolution
		{28487A6E-28C0-42E5-B965-F3AAF2EAAC1A}.Debug|Any CPU.ActiveCfg = Debug|Any CPU
		{28487A6E-28C0-42E5-B965-F3AAF2EAAC1A}.Debug|Any CPU.Build.0 = Debug|Any CPU
		{28487A6E-28C0-42E5-B965-F3AAF2EAAC1A}.Release|Any CPU.ActiveCfg = Release|Any CPU
		{28487A6E-28C0-42E5-B965-F3AAF2EAAC1A}.Release|Any CPU.Build.0 = Release|Any CPU
	EndGlobalSection
EndGlobal
